{
  "requires": true,
  "lockfileVersion": 1,
  "dependencies": {
    "ts2kt": {
      "version": "0.0.18",
      "resolved": "https://registry.npmjs.org/ts2kt/-/ts2kt-0.0.18.tgz",
      "integrity": "sha1-hIvm6BOUktlM7Q+O5Z9eR+NzirQ=",
      "requires": {
        "typescript": "2.0.10"
      }
    },
    "typescript": {
      "version": "2.0.10",
      "resolved": "https://registry.npmjs.org/typescript/-/typescript-2.0.10.tgz",
      "integrity": "sha1-zN1O2G/VVQpAcQGggUAS4bP6w90="
    }
  }
}
